// !$*UTF8*$!
{
	archiveVersion = 1;
	classes = {
	};
	objectVersion = 56;
	objects = {

/* Begin PBXBuildFile section */
		7343C5C229DEEE2A009ECF07 /* SheetExperimentsApp.swift in Sources */ = {isa = PBXBuildFile; fileRef = 7343C5C129DEEE2A009ECF07 /* SheetExperimentsApp.swift */; };
		7343C5C429DEEE2A009ECF07 /* CoordinatedArticlesView.swift in Sources */ = {isa = PBXBuildFile; fileRef = 7343C5C329DEEE2A009ECF07 /* CoordinatedArticlesView.swift */; };
		7343C5C629DEEE2B009ECF07 /* Assets.xcassets in Resources */ = {isa = PBXBuildFile; fileRef = 7343C5C529DEEE2B009ECF07 /* Assets.xcassets */; };
		7343C5CA29DEEE2B009ECF07 /* Preview Assets.xcassets in Resources */ = {isa = PBXBuildFile; fileRef = 7343C5C929DEEE2B009ECF07 /* Preview Assets.xcassets */; };
		7343C5D129DEF0A0009ECF07 /* SheetEnum.swift in Sources */ = {isa = PBXBuildFile; fileRef = 7343C5D029DEF0A0009ECF07 /* SheetEnum.swift */; };
		7343C5D329DEF0E4009ECF07 /* ArticleSheet.swift in Sources */ = {isa = PBXBuildFile; fileRef = 7343C5D229DEF0E4009ECF07 /* ArticleSheet.swift */; };
		7343C5D529DEF12B009ECF07 /* SheetCoordinator.swift in Sources */ = {isa = PBXBuildFile; fileRef = 7343C5D429DEF12B009ECF07 /* SheetCoordinator.swift */; };
		7343C5D729DEF175009ECF07 /* AddArticleView.swift in Sources */ = {isa = PBXBuildFile; fileRef = 7343C5D629DEF175009ECF07 /* AddArticleView.swift */; };
		7343C5D929DEF1D9009ECF07 /* EditArticleView.swift in Sources */ = {isa = PBXBuildFile; fileRef = 7343C5D829DEF1D9009ECF07 /* EditArticleView.swift */; };
		7343C5DB29DEF234009ECF07 /* SelectArticleCategoryView.swift in Sources */ = {isa = PBXBuildFile; fileRef = 7343C5DA29DEF234009ECF07 /* SelectArticleCategoryView.swift */; };
		7343C5DE29DEF463009ECF07 /* SheetCoordinating.swift in Sources */ = {isa = PBXBuildFile; fileRef = 7343C5DD29DEF463009ECF07 /* SheetCoordinating.swift */; };
/* End PBXBuildFile section */

/* Begin PBXFileReference section */
		7343C5BE29DEEE2A009ECF07 /* SheetExperiments.app */ = {isa = PBXFileReference; explicitFileType = wrapper.application; includeInIndex = 0; path = SheetExperiments.app; sourceTree = BUILT_PRODUCTS_DIR; };
		7343C5C129DEEE2A009ECF07 /* SheetExperimentsApp.swift */ = {isa = PBXFileReference; lastKnownFileType = sourcecode.swift; path = SheetExperimentsApp.swift; sourceTree = "<group>"; };
		7343C5C329DEEE2A009ECF07 /* CoordinatedArticlesView.swift */ = {isa = PBXFileReference; lastKnownFileType = sourcecode.swift; path = CoordinatedArticlesView.swift; sourceTree = "<group>"; };
		7343C5C529DEEE2B009ECF07 /* Assets.xcassets */ = {isa = PBXFileReference; lastKnownFileType = folder.assetcatalog; path = Assets.xcassets; sourceTree = "<group>"; };
		7343C5C729DEEE2B009ECF07 /* SheetExperiments.entitlements */ = {isa = PBXFileReference; lastKnownFileType = text.plist.entitlements; path = SheetExperiments.entitlements; sourceTree = "<group>"; };
		7343C5C929DEEE2B009ECF07 /* Preview Assets.xcassets */ = {isa = PBXFileReference; lastKnownFileType = folder.assetcatalog; path = "Preview Assets.xcassets"; sourceTree = "<group>"; };
		7343C5D029DEF0A0009ECF07 /* SheetEnum.swift */ = {isa = PBXFileReference; lastKnownFileType = sourcecode.swift; path = SheetEnum.swift; sourceTree = "<group>"; };
		7343C5D229DEF0E4009ECF07 /* ArticleSheet.swift */ = {isa = PBXFileReference; lastKnownFileType = sourcecode.swift; path = ArticleSheet.swift; sourceTree = "<group>"; };
		7343C5D429DEF12B009ECF07 /* SheetCoordinator.swift */ = {isa = PBXFileReference; lastKnownFileType = sourcecode.swift; path = SheetCoordinator.swift; sourceTree = "<group>"; };
		7343C5D629DEF175009ECF07 /* AddArticleView.swift */ = {isa = PBXFileReference; lastKnownFileType = sourcecode.swift; path = AddArticleView.swift; sourceTree = "<group>"; };
		7343C5D829DEF1D9009ECF07 /* EditArticleView.swift */ = {isa = PBXFileReference; lastKnownFileType = sourcecode.swift; path = EditArticleView.swift; sourceTree = "<group>"; };
		7343C5DA29DEF234009ECF07 /* SelectArticleCategoryView.swift */ = {isa = PBXFileReference; lastKnownFileType = sourcecode.swift; path = SelectArticleCategoryView.swift; sourceTree = "<group>"; };
		7343C5DD29DEF463009ECF07 /* SheetCoordinating.swift */ = {isa = PBXFileReference; lastKnownFileType = sourcecode.swift; path = SheetCoordinating.swift; sourceTree = "<group>"; };
/* End PBXFileReference section */

/* Begin PBXFrameworksBuildPhase section */
		7343C5BB29DEEE2A009ECF07 /* Frameworks */ = {
			isa = PBXFrameworksBuildPhase;
			buildActionMask = 2147483647;
			files = (
			);
			runOnlyForDeploymentPostprocessing = 0;
		};
/* End PBXFrameworksBuildPhase section */

/* Begin PBXGroup section */
		7343C5B529DEEE2A009ECF07 = {
			isa = PBXGroup;
			children = (
				7343C5C029DEEE2A009ECF07 /* SheetExperiments */,
				7343C5BF29DEEE2A009ECF07 /* Products */,
			);
			sourceTree = "<group>";
		};
		7343C5BF29DEEE2A009ECF07 /* Products */ = {
			isa = PBXGroup;
			children = (
				7343C5BE29DEEE2A009ECF07 /* SheetExperiments.app */,
			);
			name = Products;
			sourceTree = "<group>";
		};
		7343C5C029DEEE2A009ECF07 /* SheetExperiments */ = {
			isa = PBXGroup;
			children = (
				7343C5C529DEEE2B009ECF07 /* Assets.xcassets */,
				7343C5DC29DEF30D009ECF07 /* Experiment1 */,
				7343C5C829DEEE2B009ECF07 /* Preview Content */,
				7343C5C729DEEE2B009ECF07 /* SheetExperiments.entitlements */,
				7343C5C129DEEE2A009ECF07 /* SheetExperimentsApp.swift */,
			);
			path = SheetExperiments;
			sourceTree = "<group>";
		};
		7343C5C829DEEE2B009ECF07 /* Preview Content */ = {
			isa = PBXGroup;
			children = (
				7343C5C929DEEE2B009ECF07 /* Preview Assets.xcassets */,
			);
			path = "Preview Content";
			sourceTree = "<group>";
		};
		7343C5DC29DEF30D009ECF07 /* Experiment1 */ = {
			isa = PBXGroup;
			children = (
				7343C5D629DEF175009ECF07 /* AddArticleView.swift */,
				7343C5D229DEF0E4009ECF07 /* ArticleSheet.swift */,
				7343C5C329DEEE2A009ECF07 /* CoordinatedArticlesView.swift */,
				7343C5D829DEF1D9009ECF07 /* EditArticleView.swift */,
				7343C5DA29DEF234009ECF07 /* SelectArticleCategoryView.swift */,
				7343C5DD29DEF463009ECF07 /* SheetCoordinating.swift */,
				7343C5D429DEF12B009ECF07 /* SheetCoordinator.swift */,
				7343C5D029DEF0A0009ECF07 /* SheetEnum.swift */,
			);
			path = Experiment1;
			sourceTree = "<group>";
		};
/* End PBXGroup section */

/* Begin PBXNativeTarget section */
		7343C5BD29DEEE2A009ECF07 /* SheetExperiments */ = {
			isa = PBXNativeTarget;
			buildConfigurationList = 7343C5CD29DEEE2B009ECF07 /* Build configuration list for PBXNativeTarget "SheetExperiments" */;
			buildPhases = (
				7343C5BA29DEEE2A009ECF07 /* Sources */,
				7343C5BB29DEEE2A009ECF07 /* Frameworks */,
				7343C5BC29DEEE2A009ECF07 /* Resources */,
			);
			buildRules = (
			);
			dependencies = (
			);
			name = SheetExperiments;
			productName = SheetExperiments;
			productReference = 7343C5BE29DEEE2A009ECF07 /* SheetExperiments.app */;
			productType = "com.apple.product-type.application";
		};
/* End PBXNativeTarget section */

/* Begin PBXProject section */
		7343C5B629DEEE2A009ECF07 /* Project object */ = {
			isa = PBXProject;
			attributes = {
				BuildIndependentTargetsInParallel = 1;
				LastSwiftUpdateCheck = 1430;
				LastUpgradeCheck = 1430;
				TargetAttributes = {
					7343C5BD29DEEE2A009ECF07 = {
						CreatedOnToolsVersion = 14.3;
					};
				};
			};
			buildConfigurationList = 7343C5B929DEEE2A009ECF07 /* Build configuration list for PBXProject "SheetExperiments" */;
			compatibilityVersion = "Xcode 14.0";
			developmentRegion = en;
			hasScannedForEncodings = 0;
			knownRegions = (
				en,
				Base,
			);
			mainGroup = 7343C5B529DEEE2A009ECF07;
			productRefGroup = 7343C5BF29DEEE2A009ECF07 /* Products */;
			projectDirPath = "";
			projectRoot = "";
			targets = (
				7343C5BD29DEEE2A009ECF07 /* SheetExperiments */,
			);
		};
/* End PBXProject section */

/* Begin PBXResourcesBuildPhase section */
		7343C5BC29DEEE2A009ECF07 /* Resources */ = {
			isa = PBXResourcesBuildPhase;
			buildActionMask = 2147483647;
			files = (
				7343C5CA29DEEE2B009ECF07 /* Preview Assets.xcassets in Resources */,
				7343C5C629DEEE2B009ECF07 /* Assets.xcassets in Resources */,
			);
			runOnlyForDeploymentPostprocessing = 0;
		};
/* End PBXResourcesBuildPhase section */

/* Begin PBXSourcesBuildPhase section */
		7343C5BA29DEEE2A009ECF07 /* Sources */ = {
			isa = PBXSourcesBuildPhase;
			buildActionMask = 2147483647;
			files = (
				7343C5C429DEEE2A009ECF07 /* CoordinatedArticlesView.swift in Sources */,
				7343C5D529DEF12B009ECF07 /* SheetCoordinator.swift in Sources */,
				7343C5D929DEF1D9009ECF07 /* EditArticleView.swift in Sources */,
				7343C5D129DEF0A0009ECF07 /* SheetEnum.swift in Sources */,
				7343C5D729DEF175009ECF07 /* AddArticleView.swift in Sources */,
				7343C5D329DEF0E4009ECF07 /* ArticleSheet.swift in Sources */,
				7343C5C229DEEE2A009ECF07 /* SheetExperimentsApp.swift in Sources */,
				7343C5DE29DEF463009ECF07 /* SheetCoordinating.swift in Sources */,
				7343C5DB29DEF234009ECF07 /* SelectArticleCategoryView.swift in Sources */,
			);
			runOnlyForDeploymentPostprocessing = 0;
		};
/* End PBXSourcesBuildPhase section */

/* Begin XCBuildConfiguration section */
		7343C5CB29DEEE2B009ECF07 /* Debug */ = {
			isa = XCBuildConfiguration;
			buildSettings = {
				ALWAYS_SEARCH_USER_PATHS = NO;
				CLANG_ANALYZER_NONNULL = YES;
				CLANG_ANALYZER_NUMBER_OBJECT_CONVERSION = YES_AGGRESSIVE;
				CLANG_CXX_LANGUAGE_STANDARD = "gnu++20";
				CLANG_ENABLE_MODULES = YES;
				CLANG_ENABLE_OBJC_ARC = YES;
				CLANG_ENABLE_OBJC_WEAK = YES;
				CLANG_WARN_BLOCK_CAPTURE_AUTORELEASING = YES;
				CLANG_WARN_BOOL_CONVERSION = YES;
				CLANG_WARN_COMMA = YES;
				CLANG_WARN_CONSTANT_CONVERSION = YES;
				CLANG_WARN_DEPRECATED_OBJC_IMPLEMENTATIONS = YES;
				CLANG_WARN_DIRECT_OBJC_ISA_USAGE = YES_ERROR;
				CLANG_WARN_DOCUMENTATION_COMMENTS = YES;
				CLANG_WARN_EMPTY_BODY = YES;
				CLANG_WARN_ENUM_CONVERSION = YES;
				CLANG_WARN_INFINITE_RECURSION = YES;
				CLANG_WARN_INT_CONVERSION = YES;
				CLANG_WARN_NON_LITERAL_NULL_CONVERSION = YES;
				CLANG_WARN_OBJC_IMPLICIT_RETAIN_SELF = YES;
				CLANG_WARN_OBJC_LITERAL_CONVERSION = YES;
				CLANG_WARN_OBJC_ROOT_CLASS = YES_ERROR;
				CLANG_WARN_QUOTED_INCLUDE_IN_FRAMEWORK_HEADER = YES;
				CLANG_WARN_RANGE_LOOP_ANALYSIS = YES;
				CLANG_WARN_STRICT_PROTOTYPES = YES;
				CLANG_WARN_SUSPICIOUS_MOVE = YES;
				CLANG_WARN_UNGUARDED_AVAILABILITY = YES_AGGRESSIVE;
				CLANG_WARN_UNREACHABLE_CODE = YES;
				CLANG_WARN__DUPLICATE_METHOD_MATCH = YES;
				COPY_PHASE_STRIP = NO;
				DEBUG_INFORMATION_FORMAT = dwarf;
				ENABLE_STRICT_OBJC_MSGSEND = YES;
				ENABLE_TESTABILITY = YES;
				GCC_C_LANGUAGE_STANDARD = gnu11;
				GCC_DYNAMIC_NO_PIC = NO;
				GCC_NO_COMMON_BLOCKS = YES;
				GCC_OPTIMIZATION_LEVEL = 0;
				GCC_PREPROCESSOR_DEFINITIONS = (
					"DEBUG=1",
					"$(inherited)",
				);
				GCC_WARN_64_TO_32_BIT_CONVERSION = YES;
				GCC_WARN_ABOUT_RETURN_TYPE = YES_ERROR;
				GCC_WARN_UNDECLARED_SELECTOR = YES;
				GCC_WARN_UNINITIALIZED_AUTOS = YES_AGGRESSIVE;
				GCC_WARN_UNUSED_FUNCTION = YES;
				GCC_WARN_UNUSED_VARIABLE = YES;
				MTL_ENABLE_DEBUG_INFO = INCLUDE_SOURCE;
				MTL_FAST_MATH = YES;
				ONLY_ACTIVE_ARCH = YES;
				SWIFT_ACTIVE_COMPILATION_CONDITIONS = DEBUG;
				SWIFT_OPTIMIZATION_LEVEL = "-Onone";
			};
			name = Debug;
		};
		7343C5CC29DEEE2B009ECF07 /* Release */ = {
			isa = XCBuildConfiguration;
			buildSettings = {
				ALWAYS_SEARCH_USER_PATHS = NO;
				CLANG_ANALYZER_NONNULL = YES;
				CLANG_ANALYZER_NUMBER_OBJECT_CONVERSION = YES_AGGRESSIVE;
				CLANG_CXX_LANGUAGE_STANDARD = "gnu++20";
				CLANG_ENABLE_MODULES = YES;
				CLANG_ENABLE_OBJC_ARC = YES;
				CLANG_ENABLE_OBJC_WEAK = YES;
				CLANG_WARN_BLOCK_CAPTURE_AUTORELEASING = YES;
				CLANG_WARN_BOOL_CONVERSION = YES;
				CLANG_WARN_COMMA = YES;
				CLANG_WARN_CONSTANT_CONVERSION = YES;
				CLANG_WARN_DEPRECATED_OBJC_IMPLEMENTATIONS = YES;
				CLANG_WARN_DIRECT_OBJC_ISA_USAGE = YES_ERROR;
				CLANG_WARN_DOCUMENTATION_COMMENTS = YES;
				CLANG_WARN_EMPTY_BODY = YES;
				CLANG_WARN_ENUM_CONVERSION = YES;
				CLANG_WARN_INFINITE_RECURSION = YES;
				CLANG_WARN_INT_CONVERSION = YES;
				CLANG_WARN_NON_LITERAL_NULL_CONVERSION = YES;
				CLANG_WARN_OBJC_IMPLICIT_RETAIN_SELF = YES;
				CLANG_WARN_OBJC_LITERAL_CONVERSION = YES;
				CLANG_WARN_OBJC_ROOT_CLASS = YES_ERROR;
				CLANG_WARN_QUOTED_INCLUDE_IN_FRAMEWORK_HEADER = YES;
				CLANG_WARN_RANGE_LOOP_ANALYSIS = YES;
				CLANG_WARN_STRICT_PROTOTYPES = YES;
				CLANG_WARN_SUSPICIOUS_MOVE = YES;
				CLANG_WARN_UNGUARDED_AVAILABILITY = YES_AGGRESSIVE;
				CLANG_WARN_UNREACHABLE_CODE = YES;
				CLANG_WARN__DUPLICATE_METHOD_MATCH = YES;
				COPY_PHASE_STRIP = NO;
				DEBUG_INFORMATION_FORMAT = "dwarf-with-dsym";
				ENABLE_NS_ASSERTIONS = NO;
				ENABLE_STRICT_OBJC_MSGSEND = YES;
				GCC_C_LANGUAGE_STANDARD = gnu11;
				GCC_NO_COMMON_BLOCKS = YES;
				GCC_WARN_64_TO_32_BIT_CONVERSION = YES;
				GCC_WARN_ABOUT_RETURN_TYPE = YES_ERROR;
				GCC_WARN_UNDECLARED_SELECTOR = YES;
				GCC_WARN_UNINITIALIZED_AUTOS = YES_AGGRESSIVE;
				GCC_WARN_UNUSED_FUNCTION = YES;
				GCC_WARN_UNUSED_VARIABLE = YES;
				MTL_ENABLE_DEBUG_INFO = NO;
				MTL_FAST_MATH = YES;
				SWIFT_COMPILATION_MODE = wholemodule;
				SWIFT_OPTIMIZATION_LEVEL = "-O";
			};
			name = Release;
		};
		7343C5CE29DEEE2B009ECF07 /* Debug */ = {
			isa = XCBuildConfiguration;
			buildSettings = {
				ASSETCATALOG_COMPILER_APPICON_NAME = AppIcon;
				ASSETCATALOG_COMPILER_GLOBAL_ACCENT_COLOR_NAME = AccentColor;
				CODE_SIGN_ENTITLEMENTS = SheetExperiments/SheetExperiments.entitlements;
				CODE_SIGN_STYLE = Automatic;
				CURRENT_PROJECT_VERSION = 1;
				DEVELOPMENT_ASSET_PATHS = "\"SheetExperiments/Preview Content\"";
				DEVELOPMENT_TEAM = 68Y6PK33C5;
				ENABLE_HARDENED_RUNTIME = YES;
				ENABLE_PREVIEWS = YES;
				GENERATE_INFOPLIST_FILE = YES;
				"INFOPLIST_KEY_UIApplicationSceneManifest_Generation[sdk=iphoneos*]" = YES;
				"INFOPLIST_KEY_UIApplicationSceneManifest_Generation[sdk=iphonesimulator*]" = YES;
				"INFOPLIST_KEY_UIApplicationSupportsIndirectInputEvents[sdk=iphoneos*]" = YES;
				"INFOPLIST_KEY_UIApplicationSupportsIndirectInputEvents[sdk=iphonesimulator*]" = YES;
				"INFOPLIST_KEY_UILaunchScreen_Generation[sdk=iphoneos*]" = YES;
				"INFOPLIST_KEY_UILaunchScreen_Generation[sdk=iphonesimulator*]" = YES;
				"INFOPLIST_KEY_UIStatusBarStyle[sdk=iphoneos*]" = UIStatusBarStyleDefault;
				"INFOPLIST_KEY_UIStatusBarStyle[sdk=iphonesimulator*]" = UIStatusBarStyleDefault;
				INFOPLIST_KEY_UISupportedInterfaceOrientations_iPad = "UIInterfaceOrientationPortrait UIInterfaceOrientationPortraitUpsideDown UIInterfaceOrientationLandscapeLeft UIInterfaceOrientationLandscapeRight";
				INFOPLIST_KEY_UISupportedInterfaceOrientations_iPhone = "UIInterfaceOrientationPortrait UIInterfaceOrientationLandscapeLeft UIInterfaceOrientationLandscapeRight";
				IPHONEOS_DEPLOYMENT_TARGET = 16.4;
				LD_RUNPATH_SEARCH_PATHS = "@executable_path/Frameworks";
				"LD_RUNPATH_SEARCH_PATHS[sdk=macosx*]" = "@executable_path/../Frameworks";
				MACOSX_DEPLOYMENT_TARGET = 13.3;
				MARKETING_VERSION = 1.0;
				PRODUCT_BUNDLE_IDENTIFIER = MK.SheetExperiments;
				PRODUCT_NAME = "$(TARGET_NAME)";
				SDKROOT = auto;
				SUPPORTED_PLATFORMS = "iphoneos iphonesimulator";
				SUPPORTS_MACCATALYST = NO;
				SUPPORTS_MAC_DESIGNED_FOR_IPHONE_IPAD = NO;
				SWIFT_EMIT_LOC_STRINGS = YES;
				SWIFT_VERSION = 5.0;
				TARGETED_DEVICE_FAMILY = 1;
			};
			name = Debug;
		};
		7343C5CF29DEEE2B009ECF07 /* Release */ = {
			isa = XCBuildConfiguration;
			buildSettings = {
				ASSETCATALOG_COMPILER_APPICON_NAME = AppIcon;
				ASSETCATALOG_COMPILER_GLOBAL_ACCENT_COLOR_NAME = AccentColor;
				CODE_SIGN_ENTITLEMENTS = SheetExperiments/SheetExperiments.entitlements;
				CODE_SIGN_STYLE = Automatic;
				CURRENT_PROJECT_VERSION = 1;
				DEVELOPMENT_ASSET_PATHS = "\"SheetExperiments/Preview Content\"";
				DEVELOPMENT_TEAM = 68Y6PK33C5;
				ENABLE_HARDENED_RUNTIME = YES;
				ENABLE_PREVIEWS = YES;
				GENERATE_INFOPLIST_FILE = YES;
				"INFOPLIST_KEY_UIApplicationSceneManifest_Generation[sdk=iphoneos*]" = YES;
				"INFOPLIST_KEY_UIApplicationSceneManifest_Generation[sdk=iphonesimulator*]" = YES;
				"INFOPLIST_KEY_UIApplicationSupportsIndirectInputEvents[sdk=iphoneos*]" = YES;
				"INFOPLIST_KEY_UIApplicationSupportsIndirectInputEvents[sdk=iphonesimulator*]" = YES;
				"INFOPLIST_KEY_UILaunchScreen_Generation[sdk=iphoneos*]" = YES;
				"INFOPLIST_KEY_UILaunchScreen_Generation[sdk=iphonesimulator*]" = YES;
				"INFOPLIST_KEY_UIStatusBarStyle[sdk=iphoneos*]" = UIStatusBarStyleDefault;
				"INFOPLIST_KEY_UIStatusBarStyle[sdk=iphonesimulator*]" = UIStatusBarStyleDefault;
				INFOPLIST_KEY_UISupportedInterfaceOrientations_iPad = "UIInterfaceOrientationPortrait UIInterfaceOrientationPortraitUpsideDown UIInterfaceOrientationLandscapeLeft UIInterfaceOrientationLandscapeRight";
				INFOPLIST_KEY_UISupportedInterfaceOrientations_iPhone = "UIInterfaceOrientationPortrait UIInterfaceOrientationLandscapeLeft UIInterfaceOrientationLandscapeRight";
				IPHONEOS_DEPLOYMENT_TARGET = 16.4;
				LD_RUNPATH_SEARCH_PATHS = "@executable_path/Frameworks";
				"LD_RUNPATH_SEARCH_PATHS[sdk=macosx*]" = "@executable_path/../Frameworks";
				MACOSX_DEPLOYMENT_TARGET = 13.3;
				MARKETING_VERSION = 1.0;
				PRODUCT_BUNDLE_IDENTIFIER = MK.SheetExperiments;
				PRODUCT_NAME = "$(TARGET_NAME)";
				SDKROOT = auto;
				SUPPORTED_PLATFORMS = "iphoneos iphonesimulator";
				SUPPORTS_MACCATALYST = NO;
				SUPPORTS_MAC_DESIGNED_FOR_IPHONE_IPAD = NO;
				SWIFT_EMIT_LOC_STRINGS = YES;
				SWIFT_VERSION = 5.0;
				TARGETED_DEVICE_FAMILY = 1;
			};
			name = Release;
		};
/* End XCBuildConfiguration section */

/* Begin XCConfigurationList section */
		7343C5B929DEEE2A009ECF07 /* Build configuration list for PBXProject "SheetExperiments" */ = {
			isa = XCConfigurationList;
			buildConfigurations = (
				7343C5CB29DEEE2B009ECF07 /* Debug */,
				7343C5CC29DEEE2B009ECF07 /* Release */,
			);
			defaultConfigurationIsVisible = 0;
			defaultConfigurationName = Release;
		};
		7343C5CD29DEEE2B009ECF07 /* Build configuration list for PBXNativeTarget "SheetExperiments" */ = {
			isa = XCConfigurationList;
			buildConfigurations = (
				7343C5CE29DEEE2B009ECF07 /* Debug */,
				7343C5CF29DEEE2B009ECF07 /* Release */,
			);
			defaultConfigurationIsVisible = 0;
			defaultConfigurationName = Release;
		};
/* End XCConfigurationList section */
	};
	rootObject = 7343C5B629DEEE2A009ECF07 /* Project object */;
}
